
Microsoft Visual Studio Solution File, Format Version 11.00
# Visual Studio 2010
Project("{FAE04EC0-301F-11D3-BF4B-00C04F79EFBC}") = "02_Techniques", "02_Techniques\02_Techniques\02_Techniques.csproj", "{2AF7E548-EF88-46EE-A852-ACDD0B68D6D0}"
EndProject
Project("{FAE04EC0-301F-11D3-BF4B-00C04F79EFBC}") = "02_TechniquesContent", "02_Techniques\02_TechniquesContent\02_TechniquesContent.contentproj", "{DF2D3F38-06A8-43DF-B407-A779566A6A11}"
EndProject
Global
	GlobalSection(SolutionConfigurationPlatforms) = preSolution
		Debug|x86 = Debug|x86
		Release|x86 = Release|x86
	EndGlobalSection
	GlobalSection(ProjectConfigurationPlatforms) = postSolution
		{2AF7E548-EF88-46EE-A852-ACDD0B68D6D0}.Debug|x86.ActiveCfg = Debug|x86
		{2AF7E548-EF88-46EE-A852-ACDD0B68D6D0}.Debug|x86.Build.0 = Debug|x86
		{2AF7E548-EF88-46EE-A852-ACDD0B68D6D0}.Release|x86.ActiveCfg = Release|x86
		{2AF7E548-EF88-46EE-A852-ACDD0B68D6D0}.Release|x86.Build.0 = Release|x86
		{DF2D3F38-06A8-43DF-B407-A779566A6A11}.Debug|x86.ActiveCfg = Debug|x86
		{DF2D3F38-06A8-43DF-B407-A779566A6A11}.Release|x86.ActiveCfg = Release|x86
	EndGlobalSection
	GlobalSection(SolutionProperties) = preSolution
		HideSolutionNode = FALSE
	EndGlobalSection
EndGlobal
